
Microsoft Visual Studio Solution File, Format Version 12.00
# Visual Studio Version 18
VisualStudioVersion = 18.1.11304.174
MinimumVisualStudioVersion = 10.0.40219.1
Project("{FAE04EC0-301F-11D3-BF4B-00C04F79EFBC}") = "StockFlow.Api", "StockFlow.Api\StockFlow.Api.csproj", "{B77473E5-9697-4095-BAE2-D84C88556EB2}"
EndProject
Project("{FAE04EC0-301F-11D3-BF4B-00C04F79EFBC}") = "StockFlow.Application", "StockFlow.Application\StockFlow.Application.csproj", "{E397C4FD-6813-4836-90EB-CF2D39AD22B9}"
EndProject
Project("{FAE04EC0-301F-11D3-BF4B-00C04F79EFBC}") = "StockFlow.Domain", "StockFlow.Domain\StockFlow.Domain.csproj", "{208FA292-B180-459B-9BFA-8DCC762471D8}"
EndProject
Project("{FAE04EC0-301F-11D3-BF4B-00C04F79EFBC}") = "StockFlow.Infrastructure", "StockFlow.Infrastructure\StockFlow.Infrastructure.csproj", "{E115EBB4-A4ED-4C29-8705-47959F8CC861}"
EndProject
Project("{2150E333-8FDC-42A3-9474-1A3956D46DE8}") = "Solution Items", "Solution Items", "{56F3882A-0101-412D-90BB-7CACE93BCB05}"
	ProjectSection(SolutionItems) = preProject
		.editorconfig = .editorconfig
		Directory.Build.props = Directory.Build.props
		Directory.Packages.props = Directory.Packages.props
	EndProjectSection
EndProject
Project("{E53339B2-1760-4266-BCC7-CA923CBCF16C}") = "docker-compose", "docker-compose.dcproj", "{81DDED9D-158B-E303-5F62-77A2896D2A5A}"
EndProject
Global
	GlobalSection(SolutionConfigurationPlatforms) = preSolution
		Debug|Any CPU = Debug|Any CPU
		Release|Any CPU = Release|Any CPU
	EndGlobalSection
	GlobalSection(ProjectConfigurationPlatforms) = postSolution
		{B77473E5-9697-4095-BAE2-D84C88556EB2}.Debug|Any CPU.ActiveCfg = Debug|Any CPU
		{B77473E5-9697-4095-BAE2-D84C88556EB2}.Debug|Any CPU.Build.0 = Debug|Any CPU
		{B77473E5-9697-4095-BAE2-D84C88556EB2}.Release|Any CPU.ActiveCfg = Release|Any CPU
		{B77473E5-9697-4095-BAE2-D84C88556EB2}.Release|Any CPU.Build.0 = Release|Any CPU
		{E397C4FD-6813-4836-90EB-CF2D39AD22B9}.Debug|Any CPU.ActiveCfg = Debug|Any CPU
		{E397C4FD-6813-4836-90EB-CF2D39AD22B9}.Debug|Any CPU.Build.0 = Debug|Any CPU
		{E397C4FD-6813-4836-90EB-CF2D39AD22B9}.Release|Any CPU.ActiveCfg = Release|Any CPU
		{E397C4FD-6813-4836-90EB-CF2D39AD22B9}.Release|Any CPU.Build.0 = Release|Any CPU
		{208FA292-B180-459B-9BFA-8DCC762471D8}.Debug|Any CPU.ActiveCfg = Debug|Any CPU
		{208FA292-B180-459B-9BFA-8DCC762471D8}.Debug|Any CPU.Build.0 = Debug|Any CPU
		{208FA292-B180-459B-9BFA-8DCC762471D8}.Release|Any CPU.ActiveCfg = Release|Any CPU
		{208FA292-B180-459B-9BFA-8DCC762471D8}.Release|Any CPU.Build.0 = Release|Any CPU
		{E115EBB4-A4ED-4C29-8705-47959F8CC861}.Debug|Any CPU.ActiveCfg = Debug|Any CPU
		{E115EBB4-A4ED-4C29-8705-47959F8CC861}.Debug|Any CPU.Build.0 = Debug|Any CPU
		{E115EBB4-A4ED-4C29-8705-47959F8CC861}.Release|Any CPU.ActiveCfg = Release|Any CPU
		{E115EBB4-A4ED-4C29-8705-47959F8CC861}.Release|Any CPU.Build.0 = Release|Any CPU
		{81DDED9D-158B-E303-5F62-77A2896D2A5A}.Debug|Any CPU.ActiveCfg = Debug|Any CPU
		{81DDED9D-158B-E303-5F62-77A2896D2A5A}.Debug|Any CPU.Build.0 = Debug|Any CPU
		{81DDED9D-158B-E303-5F62-77A2896D2A5A}.Release|Any CPU.ActiveCfg = Release|Any CPU
		{81DDED9D-158B-E303-5F62-77A2896D2A5A}.Release|Any CPU.Build.0 = Release|Any CPU
	EndGlobalSection
	GlobalSection(SolutionProperties) = preSolution
		HideSolutionNode = FALSE
	EndGlobalSection
	GlobalSection(ExtensibilityGlobals) = postSolution
		SolutionGuid = {4D3302B6-9C53-4331-96D6-66D4933BFC2B}
	EndGlobalSection
EndGlobal
